GEM
  remote: https://rubygems.org/
  specs:
    amazing_print (2.0.0)
    ast (2.4.3)
    backport (1.2.0)
    benchmark (0.5.0)
    bigdecimal (4.1.0)
    bubbletea (0.1.4-aarch64-linux-gnu)
      lipgloss (~> 0.1)
    bubbletea (0.1.4-aarch64-linux-musl)
      lipgloss (~> 0.1)
    bubbletea (0.1.4-arm-linux-gnu)
      lipgloss (~> 0.1)
    bubbletea (0.1.4-arm-linux-musl)
      lipgloss (~> 0.1)
    bubbletea (0.1.4-arm64-darwin)
      lipgloss (~> 0.1)
    bubbletea (0.1.4-x86_64-darwin)
      lipgloss (~> 0.1)
    bubbletea (0.1.4-x86_64-linux-gnu)
      lipgloss (~> 0.1)
    bubbletea (0.1.4-x86_64-linux-musl)
      lipgloss (~> 0.1)
    cogger (1.7.0)
      core (~> 2.0)
      logger (~> 1.7)
      refinements (~> 13.5)
      tone (~> 2.0)
      zeitwerk (~> 2.7)
    concurrent-ruby (1.3.6)
    containable (1.5.0)
      concurrent-ruby (~> 1.3)
    core (2.5.0)
    date (3.5.1)
    debug (1.11.1)
      irb (~> 1.10)
      reline (>= 0.3.8)
    diff-lcs (1.6.2)
    docile (1.4.1)
    dry-configurable (1.3.0)
      dry-core (~> 1.1)
      zeitwerk (~> 2.6)
    dry-core (1.2.0)
      concurrent-ruby (~> 1.0)
      logger
      zeitwerk (~> 2.6)
    dry-inflector (1.3.1)
    dry-initializer (3.2.0)
    dry-logic (1.6.0)
      bigdecimal
      concurrent-ruby (~> 1.0)
      dry-core (~> 1.1)
      zeitwerk (~> 2.6)
    dry-monads (1.9.0)
      concurrent-ruby (~> 1.0)
      dry-core (~> 1.1)
      zeitwerk (~> 2.6)
    dry-schema (1.16.0)
      concurrent-ruby (~> 1.0)
      dry-configurable (~> 1.0, >= 1.0.1)
      dry-core (~> 1.1)
      dry-initializer (~> 3.2)
      dry-logic (~> 1.6)
      dry-types (~> 1.9, >= 1.9.1)
      zeitwerk (~> 2.6)
    dry-struct (1.8.1)
      dry-core (~> 1.1)
      dry-types (~> 1.8, >= 1.8.2)
      ice_nine (~> 0.11)
      zeitwerk (~> 2.6)
    dry-types (1.9.1)
      bigdecimal (>= 3.0)
      concurrent-ruby (~> 1.0)
      dry-core (~> 1.0)
      dry-inflector (~> 1.0)
      dry-logic (~> 1.4)
      zeitwerk (~> 2.6)
    erb (6.0.2)
    etcher (3.5.0)
      cogger (~> 1.0)
      core (~> 2.5)
      dry-monads (~> 1.9)
      dry-types (~> 1.7)
      refinements (~> 13.6)
      versionaire (~> 14.0)
      zeitwerk (~> 2.7)
    git-lint (9.7.0)
      cogger (~> 1.0)
      containable (~> 1.1)
      core (~> 2.5)
      dry-monads (~> 1.9)
      dry-schema (~> 1.13)
      etcher (~> 3.0)
      gitt (~> 4.1)
      infusible (~> 4.0)
      refinements (~> 13.6)
      runcom (~> 12.0)
      sod (~> 1.5)
      spek (~> 4.0)
      tone (~> 2.0)
      zeitwerk (~> 2.7)
    gitt (4.6.0)
      core (~> 2.5)
      dry-monads (~> 1.9)
      refinements (~> 13.6)
      zeitwerk (~> 2.7)
    ice_nine (0.11.2)
    infusible (4.6.0)
      marameters (~> 4.1)
    io-console (0.8.2)
    irb (1.17.0)
      pp (>= 0.6.0)
      prism (>= 1.3.0)
      rdoc (>= 4.0.0)
      reline (>= 0.4.2)
    jaro_winkler (1.7.0)
    journald-logger (3.1.0)
      journald-native (~> 1.0)
    journald-native (1.0.12)
    json (2.19.3)
    kramdown (2.5.2)
      rexml (>= 3.4.4)
    kramdown-parser-gfm (1.1.0)
      kramdown (~> 2.0)
    language_server-protocol (3.17.0.5)
    lint_roller (1.1.0)
    lipgloss (0.2.2-aarch64-linux-gnu)
    lipgloss (0.2.2-aarch64-linux-musl)
    lipgloss (0.2.2-arm-linux-gnu)
    lipgloss (0.2.2-arm-linux-musl)
    lipgloss (0.2.2-arm64-darwin)
    lipgloss (0.2.2-x86_64-darwin)
    lipgloss (0.2.2-x86_64-linux-gnu)
    lipgloss (0.2.2-x86_64-linux-musl)
    logger (1.7.0)
    marameters (4.6.0)
      refinements (~> 13.6)
      zeitwerk (~> 2.7)
    nokogiri (1.19.2-aarch64-linux-gnu)
      racc (~> 1.4)
    nokogiri (1.19.2-aarch64-linux-musl)
      racc (~> 1.4)
    nokogiri (1.19.2-arm-linux-gnu)
      racc (~> 1.4)
    nokogiri (1.19.2-arm-linux-musl)
      racc (~> 1.4)
    nokogiri (1.19.2-arm64-darwin)
      racc (~> 1.4)
    nokogiri (1.19.2-x86_64-darwin)
      racc (~> 1.4)
    nokogiri (1.19.2-x86_64-linux-gnu)
      racc (~> 1.4)
    nokogiri (1.19.2-x86_64-linux-musl)
      racc (~> 1.4)
    observer (0.1.2)
    open3 (0.2.1)
    optparse (0.8.1)
    ostruct (0.6.3)
    parallel (1.27.0)
    parser (3.3.11.1)
      ast (~> 2.4.1)
      racc
    pp (0.6.3)
      prettyprint
    prettyprint (0.2.0)
    prism (1.9.0)
    psych (5.3.1)
      date
      stringio
    racc (1.8.1)
    rainbow (3.1.1)
    rake (13.3.1)
    rbs (3.10.4)
      logger
      tsort
    rdoc (7.2.0)
      erb
      psych (>= 4.0.0)
      tsort
    refinements (13.6.0)
    regexp_parser (2.11.3)
    reline (0.6.3)
      io-console (~> 0.5)
    reverse_markdown (3.0.2)
      nokogiri
    rexml (3.4.4)
    rspec (3.13.2)
      rspec-core (~> 3.13.0)
      rspec-expectations (~> 3.13.0)
      rspec-mocks (~> 3.13.0)
    rspec-core (3.13.6)
      rspec-support (~> 3.13.0)
    rspec-expectations (3.13.5)
      diff-lcs (>= 1.2.0, < 2.0)
      rspec-support (~> 3.13.0)
    rspec-mocks (3.13.8)
      diff-lcs (>= 1.2.0, < 2.0)
      rspec-support (~> 3.13.0)
    rspec-support (3.13.7)
    rubocop (1.86.0)
      json (~> 2.3)
      language_server-protocol (~> 3.17.0.2)
      lint_roller (~> 1.1.0)
      parallel (~> 1.10)
      parser (>= 3.3.0.2)
      rainbow (>= 2.2.2, < 4.0)
      regexp_parser (>= 2.9.3, < 3.0)
      rubocop-ast (>= 1.49.0, < 2.0)
      ruby-progressbar (~> 1.7)
      unicode-display_width (>= 2.4.0, < 4.0)
    rubocop-ast (1.49.1)
      parser (>= 3.3.7.2)
      prism (~> 1.7)
    rubocop-factory_bot (2.28.0)
      lint_roller (~> 1.1)
      rubocop (~> 1.72, >= 1.72.1)
    rubocop-minitest (0.39.1)
      lint_roller (~> 1.1)
      rubocop (>= 1.75.0, < 2.0)
      rubocop-ast (>= 1.38.0, < 2.0)
    rubocop-packaging (0.6.0)
      lint_roller (~> 1.1.0)
      rubocop (>= 1.72.1, < 2.0)
    rubocop-performance (1.26.1)
      lint_roller (~> 1.1)
      rubocop (>= 1.75.0, < 2.0)
      rubocop-ast (>= 1.47.1, < 2.0)
    rubocop-rake (0.7.1)
      lint_roller (~> 1.1)
      rubocop (>= 1.72.1)
    rubocop-rspec (3.9.0)
      lint_roller (~> 1.1)
      rubocop (~> 1.81)
    rubocop-sequel (0.4.1)
      lint_roller (~> 1.1)
      rubocop (>= 1.72.1, < 2)
    rubocop-shopify (2.18.0)
      rubocop (~> 1.62)
    rubocop-thread_safety (0.7.3)
      lint_roller (~> 1.1)
      rubocop (~> 1.72, >= 1.72.1)
      rubocop-ast (>= 1.44.0, < 2.0)
    ruby-lsp (0.26.9)
      language_server-protocol (~> 3.17.0)
      prism (>= 1.2, < 2.0)
      rbs (>= 3, < 5)
    ruby-progressbar (1.13.0)
    runcom (12.5.0)
      refinements (~> 13.6)
      xdg (~> 9.5)
      zeitwerk (~> 2.7)
    sequel (5.102.0)
      bigdecimal
    simplecov (0.22.0)
      docile (~> 1.1)
      simplecov-html (~> 0.11)
      simplecov_json_formatter (~> 0.1)
    simplecov-html (0.13.2)
    simplecov_json_formatter (0.1.4)
    sod (1.5.0)
      cogger (~> 1.0)
      containable (~> 1.1)
      infusible (~> 4.0)
      optparse (~> 0.8)
      refinements (~> 13.6)
      tone (~> 2.0)
      zeitwerk (~> 2.7)
    solargraph (0.58.3)
      ast (~> 2.4.3)
      backport (~> 1.2)
      benchmark (~> 0.4)
      bundler (>= 2.0)
      diff-lcs (~> 1.4)
      jaro_winkler (~> 1.6, >= 1.6.1)
      kramdown (~> 2.3)
      kramdown-parser-gfm (~> 1.1)
      logger (~> 1.6)
      observer (~> 0.1)
      open3 (~> 0.2.1)
      ostruct (~> 0.6)
      parser (~> 3.0)
      prism (~> 1.4)
      rbs (>= 3.6.1, <= 4.0.0.dev.4)
      reverse_markdown (~> 3.0)
      rubocop (~> 1.76)
      thor (~> 1.0)
      tilt (~> 2.0)
      yard (~> 0.9, >= 0.9.24)
      yard-activesupport-concern (~> 0.0)
      yard-solargraph (~> 0.1)
    spek (4.6.0)
      core (~> 2.5)
      dry-monads (~> 1.9)
      refinements (~> 13.6)
      versionaire (~> 14.0)
      zeitwerk (~> 2.7)
    sqlite3 (2.9.2-aarch64-linux-gnu)
    sqlite3 (2.9.2-aarch64-linux-musl)
    sqlite3 (2.9.2-arm-linux-gnu)
    sqlite3 (2.9.2-arm-linux-musl)
    sqlite3 (2.9.2-arm64-darwin)
    sqlite3 (2.9.2-x86_64-darwin)
    sqlite3 (2.9.2-x86_64-linux-gnu)
    sqlite3 (2.9.2-x86_64-linux-musl)
    stringio (3.2.0)
    thor (1.5.0)
    tilt (2.7.0)
    tone (2.6.0)
      refinements (~> 13.6)
      zeitwerk (~> 2.7)
    tsort (0.2.0)
    unicode-display_width (3.2.0)
      unicode-emoji (~> 4.1)
    unicode-emoji (4.2.0)
    versionaire (14.5.0)
      refinements (~> 13.6)
    xdg (9.5.0)
    yajl-ruby (1.4.3)
    yard (0.9.38)
    yard-activesupport-concern (0.0.1)
      yard (>= 0.8)
    yard-solargraph (0.1.0)
      yard (~> 0.9)
    zeitwerk (2.7.5)

PLATFORMS
  aarch64-linux-gnu
  aarch64-linux-musl
  arm-linux-gnu
  arm-linux-musl
  arm64-darwin
  x86_64-darwin
  x86_64-linux-gnu
  x86_64-linux-musl

DEPENDENCIES
  amazing_print
  bubbletea
  debug
  dry-struct
  dry-types
  git-lint
  journald-logger
  lipgloss
  rake
  rdoc
  refinements
  rspec (~> 3.10)
  rubocop
  rubocop-factory_bot
  rubocop-minitest
  rubocop-packaging
  rubocop-performance
  rubocop-rake
  rubocop-rspec
  rubocop-sequel
  rubocop-shopify
  rubocop-thread_safety
  ruby-lsp
  sequel
  simplecov
  solargraph
  sqlite3
  yajl-ruby
  yard
  zeitwerk

CHECKSUMS
  amazing_print (2.0.0) sha256=2e36aba46ac78d37ed27ca0e2056afe3583183bb5c64f157c246b267355e5d6a
  ast (2.4.3) sha256=954615157c1d6a382bc27d690d973195e79db7f55e9765ac7c481c60bdb4d383
  backport (1.2.0) sha256=912c7dfdd9ee4625d013ddfccb6205c3f92da69a8990f65c440e40f5b2fc7f75
  benchmark (0.5.0) sha256=465df122341aedcb81a2a24b4d3bd19b6c67c1530713fd533f3ff034e419236c
  bigdecimal (4.1.0) sha256=6dc07767aa3dc456ccd48e7ae70a07b474e9afd7c5bc576f80bd6da5c8dd6cae
  bubbletea (0.1.4-aarch64-linux-gnu) sha256=9a1200916572dd5518da5d6a66bb136274fa577ecaa67c59dbecd34b872b48fc
  bubbletea (0.1.4-aarch64-linux-musl) sha256=9e9e1ea40a6e57b4280a7e1e02673831a8f54b8a38f730dcb6597ce35272e176
  bubbletea (0.1.4-arm-linux-gnu) sha256=6dc9601376848dfe2337685cefc3fc9420d2d7f44c04e74079766006f0dfae6b
  bubbletea (0.1.4-arm-linux-musl) sha256=954a4ac9a27faa48077394b6c040115106044dbb1d6231089983d83bff306cae
  bubbletea (0.1.4-arm64-darwin) sha256=112af8ba51b38c4281b648ce43375e9bbe7b666dbb30c8b8d1cd13b4e163e6cb
  bubbletea (0.1.4-x86_64-darwin) sha256=8b73c14e4a9a8cb14735edf18c71bf568dee2b4340b0f8f572480665cff3d817
  bubbletea (0.1.4-x86_64-linux-gnu) sha256=c1a06df5828c3af8ed664bf08591eba4bcb16aa44c58f8d21f7e2a01c2dea885
  bubbletea (0.1.4-x86_64-linux-musl) sha256=b8972ffc21590b83442c1b88d83539c412dea964866560ab1dd263c531fac989
  cogger (1.7.0) sha256=cd29f8b3527fcfc896936bff1a1fa93bc2811ea68c587661bc3d1662ba606ebc
  concurrent-ruby (1.3.6) sha256=6b56837e1e7e5292f9864f34b69c5a2cbc75c0cf5338f1ce9903d10fa762d5ab
  containable (1.5.0) sha256=cd7a308f636c2f479d65105cb7ceffc7a5a426ecb23a97a66a5f84e6d683229e
  core (2.5.0) sha256=2dfe2084bcd708b3a1fe7f672196b0da99f10081dee33aff5348fd46be7dc6ce
  date (3.5.1) sha256=750d06384d7b9c15d562c76291407d89e368dda4d4fff957eb94962d325a0dc0
  debug (1.11.1) sha256=2e0b0ac6119f2207a6f8ac7d4a73ca8eb4e440f64da0a3136c30343146e952b6
  diff-lcs (1.6.2) sha256=9ae0d2cba7d4df3075fe8cd8602a8604993efc0dfa934cff568969efb1909962
  docile (1.4.1) sha256=96159be799bfa73cdb721b840e9802126e4e03dfc26863db73647204c727f21e
  dry-configurable (1.3.0) sha256=882d862858567fc1210d2549d4c090f34370fc1bb7c5c1933de3fe792e18afa8
  dry-core (1.2.0) sha256=0cc5a7da88df397f153947eeeae42e876e999c1e30900f3c536fb173854e96a1
  dry-inflector (1.3.1) sha256=7fb0c2bb04f67638f25c52e7ba39ab435d922a3a5c3cd196120f63accb682dcc
  dry-initializer (3.2.0) sha256=37d59798f912dc0a1efe14a4db4a9306989007b302dcd5f25d0a2a20c166c4e3
  dry-logic (1.6.0) sha256=da6fedbc0f90fc41f9b0cc7e6f05f5d529d1efaef6c8dcc8e0733f685745cea2
  dry-monads (1.9.0) sha256=9348a67b5c862c7a876342dbd94737fdf3fb3c17978382cf6801a85b27215816
  dry-schema (1.16.0) sha256=cd3aaeabc0f1af66ec82a29096d4c4fb92a0a58b9dae29a22b1bbceb78985727
  dry-struct (1.8.1) sha256=033868594c45241540172bf1ebbc8bb76b72b4f0717072325deba38ac13e80f1
  dry-types (1.9.1) sha256=baebeecdb9f8395d6c9d227b62011279440943e3ef2468fe8ccc1ba11467f178
  erb (6.0.2) sha256=9fe6264d44f79422c87490a1558479bd0e7dad4dd0e317656e67ea3077b5242b
  etcher (3.5.0) sha256=20359b9092470809b65d12a50e756effae7f82cac98d312dd7097ec93f33d5c5
  git-lint (9.7.0) sha256=9074262104618f45a14f5fece20d7f5e6918c7a3b2b2ee0447630184ec07653e
  gitt (4.6.0) sha256=bb7c5f152f51b487b362aa2e6ea28952e05f5d903339bc3e890c9f2b0b353fa6
  ice_nine (0.11.2) sha256=5d506a7d2723d5592dc121b9928e4931742730131f22a1a37649df1c1e2e63db
  infusible (4.6.0) sha256=db7399aadf47ce0e355c395339fadf0c53def246787ee70adb6a5a5ee4cdf878
  io-console (0.8.2) sha256=d6e3ae7a7cc7574f4b8893b4fca2162e57a825b223a177b7afa236c5ef9814cc
  irb (1.17.0) sha256=168c4ddb93d8a361a045c41d92b2952c7a118fa73f23fe14e55609eb7a863aae
  jaro_winkler (1.7.0) sha256=8daa05a5cd05bf7d27c1c65caa8ab0d47c05419d80210feaa17126db24044ada
  journald-logger (3.1.0) sha256=6af69d285a75147ccc0911957897de1aae7f1f2f2929b07fa7624563b4232ec8
  journald-native (1.0.12) sha256=f38cd397623e4efad4afe83e48ec0e5cc13634329d5e056ea440bd72a1e6726f
  json (2.19.3) sha256=289b0bb53052a1fa8c34ab33cc750b659ba14a5c45f3fcf4b18762dc67c78646
  kramdown (2.5.2) sha256=1ba542204c66b6f9111ff00dcc26075b95b220b07f2905d8261740c82f7f02fa
  kramdown-parser-gfm (1.1.0) sha256=fb39745516427d2988543bf01fc4cf0ab1149476382393e0e9c48592f6581729
  language_server-protocol (3.17.0.5) sha256=fd1e39a51a28bf3eec959379985a72e296e9f9acfce46f6a79d31ca8760803cc
  lint_roller (1.1.0) sha256=2c0c845b632a7d172cb849cc90c1bce937a28c5c8ccccb50dfd46a485003cc87
  lipgloss (0.2.2-aarch64-linux-gnu) sha256=cb2e5db7fc14d85ec919223b5d16ad6d7be0ced096fec60e9f6e253d1c8718cd
  lipgloss (0.2.2-aarch64-linux-musl) sha256=e9c445531db8aa85efceeab73f09530dc53ed8f5b61aa78ab7fe2d6afb179b30
  lipgloss (0.2.2-arm-linux-gnu) sha256=e3f7424f430dd746f6d00bb587192e54f3fdd90a7fac3447da42b23d432952e8
  lipgloss (0.2.2-arm-linux-musl) sha256=16f76a7a161d5b7ed083167619760ab658bfc4f2c0bd4eecd518e05ad11c3f46
  lipgloss (0.2.2-arm64-darwin) sha256=fed911706463ed21d249eace2224cd39323e94f4ab2a55ff6763b358b780d18f
  lipgloss (0.2.2-x86_64-darwin) sha256=6f5bab39a31f38995c5fb964ca0a1f84af0102814b4406f8ca96f30da54e112e
  lipgloss (0.2.2-x86_64-linux-gnu) sha256=99b26dfc4eaa2bf2dfd9823f0894a06ef0b8f7f773db70ae8905d1c5d9d663ad
  lipgloss (0.2.2-x86_64-linux-musl) sha256=a05ebd4d16a441bbe657fafb269d0f9e6d89a1124b3288264efedc427b007703
  logger (1.7.0) sha256=196edec7cc44b66cfb40f9755ce11b392f21f7967696af15d274dde7edff0203
  marameters (4.6.0) sha256=a8ec3bbd11342e70fedc75a402cd782070457d157747942c7682c02bff9ae589
  nokogiri (1.19.2-aarch64-linux-gnu) sha256=c34d5c8208025587554608e98fd88ab125b29c80f9352b821964e9a5d5cfbd19
  nokogiri (1.19.2-aarch64-linux-musl) sha256=7f6b4b0202d507326841a4f790294bf75098aef50c7173443812e3ac5cb06515
  nokogiri (1.19.2-arm-linux-gnu) sha256=b7fa1139016f3dc850bda1260988f0d749934a939d04ef2da13bec060d7d5081
  nokogiri (1.19.2-arm-linux-musl) sha256=61114d44f6742ff72194a1b3020967201e2eb982814778d130f6471c11f9828c
  nokogiri (1.19.2-arm64-darwin) sha256=58d8ea2e31a967b843b70487a44c14c8ba1866daa1b9da9be9dbdf1b43dee205
  nokogiri (1.19.2-x86_64-darwin) sha256=7d9af11fda72dfaa2961d8c4d5380ca0b51bc389dc5f8d4b859b9644f195e7a4
  nokogiri (1.19.2-x86_64-linux-gnu) sha256=fa8feca882b73e871a9845f3817a72e9734c8e974bdc4fbad6e4bc6e8076b94f
  nokogiri (1.19.2-x86_64-linux-musl) sha256=93128448e61a9383a30baef041bf1f5817e22f297a1d400521e90294445069a8
  observer (0.1.2) sha256=d8a3107131ba661138d748e7be3dbafc0d82e732fffba9fccb3d7829880950ac
  open3 (0.2.1) sha256=8e2d7d2113526351201438c1aa35c8139f0141c9e8913baa007c898973bf3952
  optparse (0.8.1) sha256=42bea10d53907ccff4f080a69991441d611fbf8733b60ed1ce9ee365ce03bd1a
  ostruct (0.6.3) sha256=95a2ed4a4bd1d190784e666b47b2d3f078e4a9efda2fccf18f84ddc6538ed912
  parallel (1.27.0) sha256=4ac151e1806b755fb4e2dc2332cbf0e54f2e24ba821ff2d3dcf86bf6dc4ae130
  parser (3.3.11.1) sha256=d17ace7aabe3e72c3cc94043714be27cc6f852f104d81aa284c2281aecc65d54
  pp (0.6.3) sha256=2951d514450b93ccfeb1df7d021cae0da16e0a7f95ee1e2273719669d0ab9df6
  prettyprint (0.2.0) sha256=2bc9e15581a94742064a3cc8b0fb9d45aae3d03a1baa6ef80922627a0766f193
  prism (1.9.0) sha256=7b530c6a9f92c24300014919c9dcbc055bf4cdf51ec30aed099b06cd6674ef85
  psych (5.3.1) sha256=eb7a57cef10c9d70173ff74e739d843ac3b2c019a003de48447b2963d81b1974
  racc (1.8.1) sha256=4a7f6929691dbec8b5209a0b373bc2614882b55fc5d2e447a21aaa691303d62f
  rainbow (3.1.1) sha256=039491aa3a89f42efa1d6dec2fc4e62ede96eb6acd95e52f1ad581182b79bc6a
  rake (13.3.1) sha256=8c9e89d09f66a26a01264e7e3480ec0607f0c497a861ef16063604b1b08eb19c
  rbs (3.10.4) sha256=b17d7c4be4bb31a11a3b529830f0aa206a807ca42f2e7921a3027dfc6b7e5ce8
  rdoc (7.2.0) sha256=8650f76cd4009c3b54955eb5d7e3a075c60a57276766ebf36f9085e8c9f23192
  refinements (13.6.0) sha256=3d53c7348be785af707a89ae3a39e2dc31937e6d457787a54be54498c3aae0f6
  regexp_parser (2.11.3) sha256=ca13f381a173b7a93450e53459075c9b76a10433caadcb2f1180f2c741fc55a4
  reline (0.6.3) sha256=1198b04973565b36ec0f11542ab3f5cfeeec34823f4e54cebde90968092b1835
  reverse_markdown (3.0.2) sha256=818ebb92ce39dbb1a291690dd1ec9a6d62530d4725296b17e9c8f668f9a5b8af
  rexml (3.4.4) sha256=19e0a2c3425dfbf2d4fc1189747bdb2f849b6c5e74180401b15734bc97b5d142
  rspec (3.13.2) sha256=206284a08ad798e61f86d7ca3e376718d52c0bc944626b2349266f239f820587
  rspec-core (3.13.6) sha256=a8823c6411667b60a8bca135364351dda34cd55e44ff94c4be4633b37d828b2d
  rspec-expectations (3.13.5) sha256=33a4d3a1d95060aea4c94e9f237030a8f9eae5615e9bd85718fe3a09e4b58836
  rspec-mocks (3.13.8) sha256=086ad3d3d17533f4237643de0b5c42f04b66348c28bf6b9c2d3f4a3b01af1d47
  rspec-support (3.13.7) sha256=0640e5570872aafefd79867901deeeeb40b0c9875a36b983d85f54fb7381c47c
  rubocop (1.86.0) sha256=4ff1186fe16ebe9baff5e7aad66bb0ad4cabf5cdcd419f773146dbba2565d186
  rubocop-ast (1.49.1) sha256=4412f3ee70f6fe4546cc489548e0f6fcf76cafcfa80fa03af67098ffed755035
  rubocop-factory_bot (2.28.0) sha256=4b17fc02124444173317e131759d195b0d762844a71a29fe8139c1105d92f0cb
  rubocop-minitest (0.39.1) sha256=998398d6da4026d297f0f9bf709a1eac5f2b6947c24431f94af08138510cf7ed
  rubocop-packaging (0.6.0) sha256=fb92bd0fb48e6f8cdb1648d2249b0cd51c2497dcc87340132d22f01edbf558a7
  rubocop-performance (1.26.1) sha256=cd19b936ff196df85829d264b522fd4f98b6c89ad271fa52744a8c11b8f71834
  rubocop-rake (0.7.1) sha256=3797f2b6810c3e9df7376c26d5f44f3475eda59eb1adc38e6f62ecf027cbae4d
  rubocop-rspec (3.9.0) sha256=8fa70a3619408237d789aeecfb9beef40576acc855173e60939d63332fdb55e2
  rubocop-sequel (0.4.1) sha256=f325dc470c1e3191a616b41a4bf8cfbb2c3c2f4fbc2eee6286de019ca1f7c113
  rubocop-shopify (2.18.0) sha256=dafa25e5617ce4600ff86b1de3d5b78e43ab3d58cc5729df38e492b8e10294eb
  rubocop-thread_safety (0.7.3) sha256=067cdd52fbf5deffc18995437e45b5194236eaff4f71de3375a1f6052e48f431
  ruby-lsp (0.26.9) sha256=33a01c001c00a76b4e821efc04ed7572983430f31ca5d6f3e343d0b6ccab4129
  ruby-progressbar (1.13.0) sha256=80fc9c47a9b640d6834e0dc7b3c94c9df37f08cb072b7761e4a71e22cff29b33
  runcom (12.5.0) sha256=6e54ce19685639f862249aeef2e4f5cd0431008fe94e1ed0f6b53d2d1aa3125f
  sequel (5.102.0) sha256=c25bb85a44ae59b3ed41ca7c32c33316cf81a6fcaeabedb4036ba141dde70919
  simplecov (0.22.0) sha256=fe2622c7834ff23b98066bb0a854284b2729a569ac659f82621fc22ef36213a5
  simplecov-html (0.13.2) sha256=bd0b8e54e7c2d7685927e8d6286466359b6f16b18cb0df47b508e8d73c777246
  simplecov_json_formatter (0.1.4) sha256=529418fbe8de1713ac2b2d612aa3daa56d316975d307244399fa4838c601b428
  sod (1.5.0) sha256=92e2b804012b6a307b6e089c441cd5816a590b9ca00be0a991d566335fd319c7
  solargraph (0.58.3) sha256=debefdc927d1e72383b2c4add89e71373d902b9904617efdb687749509fe2e69
  spek (4.6.0) sha256=8c77ecb780937c3111a0c3bb8b7cb07cef9cb00afd89c801eb162c3e7ef5e6cb
  sqlite3 (2.9.2-aarch64-linux-gnu) sha256=eeb86db55645b85327ba75129e3614658d974bf4da8fdc87018a0d42c59f6e42
  sqlite3 (2.9.2-aarch64-linux-musl) sha256=4feff91fb8c2b13688da34b5627c9d1ed9cedb3ee87a7114ec82209147f07a6d
  sqlite3 (2.9.2-arm-linux-gnu) sha256=1ee2eb06b5301aaf5ce343a6e88d99ac932d95202d7b350f0e7b6d8d588580d7
  sqlite3 (2.9.2-arm-linux-musl) sha256=8ca0de6aceede968de0394e22e95d549834c4d8e318f69a92a52f049878a0057
  sqlite3 (2.9.2-arm64-darwin) sha256=d15bd9609a05f9d54930babe039585efc8cadd57517c15b64ec7dfa75158a5e9
  sqlite3 (2.9.2-x86_64-darwin) sha256=ed691b5021674d72582d03c5a38e89634b961902735fb6225273892805421d13
  sqlite3 (2.9.2-x86_64-linux-gnu) sha256=dce83ffcb7e72f9f7aeb6e5404f15d277a45332fe18ccce8a8b3ed51e8d23aee
  sqlite3 (2.9.2-x86_64-linux-musl) sha256=e8dd906a613f13b60f6d47ae9dda376384d9de1ab3f7e3f2fdf2fd18a871a2d7
  stringio (3.2.0) sha256=c37cb2e58b4ffbd33fe5cd948c05934af997b36e0b6ca6fdf43afa234cf222e1
  thor (1.5.0) sha256=e3a9e55fe857e44859ce104a84675ab6e8cd59c650a49106a05f55f136425e73
  tilt (2.7.0) sha256=0d5b9ba69f6a36490c64b0eee9f6e9aad517e20dcc848800a06eb116f08c6ab3
  tone (2.6.0) sha256=b788ac6e863b4484d3319adcfcfec8304d9837f708fe3997c0b09158adde8011
  tsort (0.2.0) sha256=9650a793f6859a43b6641671278f79cfead60ac714148aabe4e3f0060480089f
  unicode-display_width (3.2.0) sha256=0cdd96b5681a5949cdbc2c55e7b420facae74c4aaf9a9815eee1087cb1853c42
  unicode-emoji (4.2.0) sha256=519e69150f75652e40bf736106cfbc8f0f73aa3fb6a65afe62fefa7f80b0f80f
  versionaire (14.5.0) sha256=f4a55d85fe858508fbf379fcddb764d00136ef0aa8a82464e2b431dc612ebd76
  xdg (9.5.0) sha256=e47886d0aef0273d0ba018452cc0499f44e1c4cbf424eb03be493d576878b35d
  yajl-ruby (1.4.3) sha256=8c974d9c11ae07b0a3b6d26efea8407269b02e4138118fbe3ef0d2ec9724d1d2
  yard (0.9.38) sha256=721fb82afb10532aa49860655f6cc2eaa7130889df291b052e1e6b268283010f
  yard-activesupport-concern (0.0.1) sha256=be790cb0efc23e2e87677063598ac8b743586154657bbd9655a7f03ce78390ef
  yard-solargraph (0.1.0) sha256=a19a4619c942181a618fb9458970a9d2534cf7fda69fc43949629a7948a5930e
  zeitwerk (2.7.5) sha256=d8da92128c09ea6ec62c949011b00ed4a20242b255293dd66bf41545398f73dd

RUBY VERSION
  ruby 3.4.4

BUNDLED WITH
  4.0.7
